// !$*UTF8*$!
{
	archiveVersion = 1;
	classes = {
	};
	objectVersion = 46;
	objects = {

/* Begin PBXBuildFile section */
		1F9865B01ED5E8D700291C0A /* LSCategory.m in Sources */ = {isa = PBXBuildFile; fileRef = 1F9865AF1ED5E8D700291C0A /* LSCategory.m */; };
		1F9865B31ED5E9E700291C0A /* LSCategoriesViewController.m in Sources */ = {isa = PBXBuildFile; fileRef = 1F9865B21ED5E9E700291C0A /* LSCategoriesViewController.m */; };
		C87D0B994EE29B1E05B0591F /* libPods-SkyNews.a in Frameworks */ = {isa = PBXBuildFile; fileRef = FF9B95E01DFACE775DC55648 /* libPods-SkyNews.a */; };
		F08BA0DA1ED5E502000A600B /* main.m in Sources */ = {isa = PBXBuildFile; fileRef = F08BA0D91ED5E502000A600B /* main.m */; };
		F08BA0DD1ED5E502000A600B /* AppDelegate.m in Sources */ = {isa = PBXBuildFile; fileRef = F08BA0DC1ED5E502000A600B /* AppDelegate.m */; };
		F08BA0E31ED5E502000A600B /* Main.storyboard in Resources */ = {isa = PBXBuildFile; fileRef = F08BA0E11ED5E502000A600B /* Main.storyboard */; };
		F08BA0E51ED5E502000A600B /* Assets.xcassets in Resources */ = {isa = PBXBuildFile; fileRef = F08BA0E41ED5E502000A600B /* Assets.xcassets */; };
		F08BA0E81ED5E502000A600B /* LaunchScreen.storyboard in Resources */ = {isa = PBXBuildFile; fileRef = F08BA0E61ED5E502000A600B /* LaunchScreen.storyboard */; };
/* End PBXBuildFile section */

/* Begin PBXFileReference section */
		1F9865AE1ED5E8D700291C0A /* LSCategory.h */ = {isa = PBXFileReference; fileEncoding = 4; lastKnownFileType = sourcecode.c.h; path = LSCategory.h; sourceTree = "<group>"; };
		1F9865AF1ED5E8D700291C0A /* LSCategory.m */ = {isa = PBXFileReference; fileEncoding = 4; lastKnownFileType = sourcecode.c.objc; path = LSCategory.m; sourceTree = "<group>"; };
		1F9865B11ED5E9E700291C0A /* LSCategoriesViewController.h */ = {isa = PBXFileReference; fileEncoding = 4; lastKnownFileType = sourcecode.c.h; path = LSCategoriesViewController.h; sourceTree = "<group>"; };
		1F9865B21ED5E9E700291C0A /* LSCategoriesViewController.m */ = {isa = PBXFileReference; fileEncoding = 4; lastKnownFileType = sourcecode.c.objc; path = LSCategoriesViewController.m; sourceTree = "<group>"; };
		7BE1C29F5AC32DEE3F8C8042 /* Pods-SkyNews.release.xcconfig */ = {isa = PBXFileReference; includeInIndex = 1; lastKnownFileType = text.xcconfig; name = "Pods-SkyNews.release.xcconfig"; path = "Pods/Target Support Files/Pods-SkyNews/Pods-SkyNews.release.xcconfig"; sourceTree = "<group>"; };
		EA7182BAFEA74FA91E017043 /* Pods-SkyNews.debug.xcconfig */ = {isa = PBXFileReference; includeInIndex = 1; lastKnownFileType = text.xcconfig; name = "Pods-SkyNews.debug.xcconfig"; path = "Pods/Target Support Files/Pods-SkyNews/Pods-SkyNews.debug.xcconfig"; sourceTree = "<group>"; };
		F08BA0D51ED5E502000A600B /* SkyNews.app */ = {isa = PBXFileReference; explicitFileType = wrapper.application; includeInIndex = 0; path = SkyNews.app; sourceTree = BUILT_PRODUCTS_DIR; };
		F08BA0D91ED5E502000A600B /* main.m */ = {isa = PBXFileReference; lastKnownFileType = sourcecode.c.objc; path = main.m; sourceTree = "<group>"; };
		F08BA0DB1ED5E502000A600B /* AppDelegate.h */ = {isa = PBXFileReference; lastKnownFileType = sourcecode.c.h; path = AppDelegate.h; sourceTree = "<group>"; };
		F08BA0DC1ED5E502000A600B /* AppDelegate.m */ = {isa = PBXFileReference; lastKnownFileType = sourcecode.c.objc; path = AppDelegate.m; sourceTree = "<group>"; };
		F08BA0E21ED5E502000A600B /* Base */ = {isa = PBXFileReference; lastKnownFileType = file.storyboard; name = Base; path = Base.lproj/Main.storyboard; sourceTree = "<group>"; };
		F08BA0E41ED5E502000A600B /* Assets.xcassets */ = {isa = PBXFileReference; lastKnownFileType = folder.assetcatalog; path = Assets.xcassets; sourceTree = "<group>"; };
		F08BA0E71ED5E502000A600B /* Base */ = {isa = PBXFileReference; lastKnownFileType = file.storyboard; name = Base; path = Base.lproj/LaunchScreen.storyboard; sourceTree = "<group>"; };
		F08BA0E91ED5E502000A600B /* Info.plist */ = {isa = PBXFileReference; lastKnownFileType = text.plist.xml; path = Info.plist; sourceTree = "<group>"; };
		FF9B95E01DFACE775DC55648 /* libPods-SkyNews.a */ = {isa = PBXFileReference; explicitFileType = archive.ar; includeInIndex = 0; path = "libPods-SkyNews.a"; sourceTree = BUILT_PRODUCTS_DIR; };
/* End PBXFileReference section */

/* Begin PBXFrameworksBuildPhase section */
		F08BA0D21ED5E502000A600B /* Frameworks */ = {
			isa = PBXFrameworksBuildPhase;
			buildActionMask = 2147483647;
			files = (
				C87D0B994EE29B1E05B0591F /* libPods-SkyNews.a in Frameworks */,
			);
			runOnlyForDeploymentPostprocessing = 0;
		};
/* End PBXFrameworksBuildPhase section */

/* Begin PBXGroup section */
		1F9865AB1ED5E65B00291C0A /* Models */ = {
			isa = PBXGroup;
			children = (
				1F9865AE1ED5E8D700291C0A /* LSCategory.h */,
				1F9865AF1ED5E8D700291C0A /* LSCategory.m */,
			);
			name = Models;
			sourceTree = "<group>";
		};
		1F9865AC1ED5E6C000291C0A /* Moduls */ = {
			isa = PBXGroup;
			children = (
				1F9865B11ED5E9E700291C0A /* LSCategoriesViewController.h */,
				1F9865B21ED5E9E700291C0A /* LSCategoriesViewController.m */,
			);
			name = Moduls;
			sourceTree = "<group>";
		};
		1F9865AD1ED5E6DE00291C0A /* App */ = {
			isa = PBXGroup;
			children = (
				F08BA0DB1ED5E502000A600B /* AppDelegate.h */,
				F08BA0DC1ED5E502000A600B /* AppDelegate.m */,
				F08BA0E11ED5E502000A600B /* Main.storyboard */,
				F08BA0E41ED5E502000A600B /* Assets.xcassets */,
				F08BA0E61ED5E502000A600B /* LaunchScreen.storyboard */,
				F08BA0E91ED5E502000A600B /* Info.plist */,
			);
			name = App;
			sourceTree = "<group>";
		};
		5056DEA2E935B0592EC716D6 /* Frameworks */ = {
			isa = PBXGroup;
			children = (
				FF9B95E01DFACE775DC55648 /* libPods-SkyNews.a */,
			);
			name = Frameworks;
			sourceTree = "<group>";
		};
		AB1A91B98532B05A93DDB805 /* Pods */ = {
			isa = PBXGroup;
			children = (
				EA7182BAFEA74FA91E017043 /* Pods-SkyNews.debug.xcconfig */,
				7BE1C29F5AC32DEE3F8C8042 /* Pods-SkyNews.release.xcconfig */,
			);
			name = Pods;
			sourceTree = "<group>";
		};
		F08BA0CC1ED5E502000A600B = {
			isa = PBXGroup;
			children = (
				F08BA0D71ED5E502000A600B /* SkyNews */,
				F08BA0D61ED5E502000A600B /* Products */,
				AB1A91B98532B05A93DDB805 /* Pods */,
				5056DEA2E935B0592EC716D6 /* Frameworks */,
			);
			sourceTree = "<group>";
		};
		F08BA0D61ED5E502000A600B /* Products */ = {
			isa = PBXGroup;
			children = (
				F08BA0D51ED5E502000A600B /* SkyNews.app */,
			);
			name = Products;
			sourceTree = "<group>";
		};
		F08BA0D71ED5E502000A600B /* SkyNews */ = {
			isa = PBXGroup;
			children = (
				1F9865AD1ED5E6DE00291C0A /* App */,
				1F9865AC1ED5E6C000291C0A /* Moduls */,
				1F9865AB1ED5E65B00291C0A /* Models */,
				F08BA0D81ED5E502000A600B /* Supporting Files */,
			);
			path = SkyNews;
			sourceTree = "<group>";
		};
		F08BA0D81ED5E502000A600B /* Supporting Files */ = {
			isa = PBXGroup;
			children = (
				F08BA0D91ED5E502000A600B /* main.m */,
			);
			name = "Supporting Files";
			sourceTree = "<group>";
		};
/* End PBXGroup section */

/* Begin PBXNativeTarget section */
		F08BA0D41ED5E502000A600B /* SkyNews */ = {
			isa = PBXNativeTarget;
			buildConfigurationList = F08BA0EC1ED5E502000A600B /* Build configuration list for PBXNativeTarget "SkyNews" */;
			buildPhases = (
				73B2C403131B55F36B51E888 /* 📦 Check Pods Manifest.lock */,
				F08BA0D11ED5E502000A600B /* Sources */,
				F08BA0D21ED5E502000A600B /* Frameworks */,
				F08BA0D31ED5E502000A600B /* Resources */,
				A35FD0D0F84355C5051118A2 /* 📦 Embed Pods Frameworks */,
				D3C0A6ED9176944F315AB49D /* 📦 Copy Pods Resources */,
			);
			buildRules = (
			);
			dependencies = (
			);
			name = SkyNews;
			productName = SkyNews;
			productReference = F08BA0D51ED5E502000A600B /* SkyNews.app */;
			productType = "com.apple.product-type.application";
		};
/* End PBXNativeTarget section */

/* Begin PBXProject section */
		F08BA0CD1ED5E502000A600B /* Project object */ = {
			isa = PBXProject;
			attributes = {
				LastUpgradeCheck = 0820;
				ORGANIZATIONNAME = LemonSchool;
				TargetAttributes = {
					F08BA0D41ED5E502000A600B = {
						CreatedOnToolsVersion = 8.2.1;
						ProvisioningStyle = Automatic;
					};
				};
			};
			buildConfigurationList = F08BA0D01ED5E502000A600B /* Build configuration list for PBXProject "SkyNews" */;
			compatibilityVersion = "Xcode 3.2";
			developmentRegion = English;
			hasScannedForEncodings = 0;
			knownRegions = (
				en,
				Base,
			);
			mainGroup = F08BA0CC1ED5E502000A600B;
			productRefGroup = F08BA0D61ED5E502000A600B /* Products */;
			projectDirPath = "";
			projectRoot = "";
			targets = (
				F08BA0D41ED5E502000A600B /* SkyNews */,
			);
		};
/* End PBXProject section */

/* Begin PBXResourcesBuildPhase section */
		F08BA0D31ED5E502000A600B /* Resources */ = {
			isa = PBXResourcesBuildPhase;
			buildActionMask = 2147483647;
			files = (
				F08BA0E81ED5E502000A600B /* LaunchScreen.storyboard in Resources */,
				F08BA0E51ED5E502000A600B /* Assets.xcassets in Resources */,
				F08BA0E31ED5E502000A600B /* Main.storyboard in Resources */,
			);
			runOnlyForDeploymentPostprocessing = 0;
		};
/* End PBXResourcesBuildPhase section */

/* Begin PBXShellScriptBuildPhase section */
		73B2C403131B55F36B51E888 /* 📦 Check Pods Manifest.lock */ = {
			isa = PBXShellScriptBuildPhase;
			buildActionMask = 2147483647;
			files = (
			);
			inputPaths = (
			);
			name = "📦 Check Pods Manifest.lock";
			outputPaths = (
			);
			runOnlyForDeploymentPostprocessing = 0;
			shellPath = /bin/sh;
			shellScript = "diff \"${PODS_ROOT}/../Podfile.lock\" \"${PODS_ROOT}/Manifest.lock\" > /dev/null\nif [[ $? != 0 ]] ; then\n    cat << EOM\nerror: The sandbox is not in sync with the Podfile.lock. Run 'pod install' or update your CocoaPods installation.\nEOM\n    exit 1\nfi\n";
			showEnvVarsInLog = 0;
		};
		A35FD0D0F84355C5051118A2 /* 📦 Embed Pods Frameworks */ = {
			isa = PBXShellScriptBuildPhase;
			buildActionMask = 2147483647;
			files = (
			);
			inputPaths = (
			);
			name = "📦 Embed Pods Frameworks";
			outputPaths = (
			);
			runOnlyForDeploymentPostprocessing = 0;
			shellPath = /bin/sh;
			shellScript = "\"${SRCROOT}/Pods/Target Support Files/Pods-SkyNews/Pods-SkyNews-frameworks.sh\"\n";
			showEnvVarsInLog = 0;
		};
		D3C0A6ED9176944F315AB49D /* 📦 Copy Pods Resources */ = {
			isa = PBXShellScriptBuildPhase;
			buildActionMask = 2147483647;
			files = (
			);
			inputPaths = (
			);
			name = "📦 Copy Pods Resources";
			outputPaths = (
			);
			runOnlyForDeploymentPostprocessing = 0;
			shellPath = /bin/sh;
			shellScript = "\"${SRCROOT}/Pods/Target Support Files/Pods-SkyNews/Pods-SkyNews-resources.sh\"\n";
			showEnvVarsInLog = 0;
		};
/* End PBXShellScriptBuildPhase section */

/* Begin PBXSourcesBuildPhase section */
		F08BA0D11ED5E502000A600B /* Sources */ = {
			isa = PBXSourcesBuildPhase;
			buildActionMask = 2147483647;
			files = (
				F08BA0DD1ED5E502000A600B /* AppDelegate.m in Sources */,
				F08BA0DA1ED5E502000A600B /* main.m in Sources */,
				1F9865B01ED5E8D700291C0A /* LSCategory.m in Sources */,
				1F9865B31ED5E9E700291C0A /* LSCategoriesViewController.m in Sources */,
			);
			runOnlyForDeploymentPostprocessing = 0;
		};
/* End PBXSourcesBuildPhase section */

/* Begin PBXVariantGroup section */
		F08BA0E11ED5E502000A600B /* Main.storyboard */ = {
			isa = PBXVariantGroup;
			children = (
				F08BA0E21ED5E502000A600B /* Base */,
			);
			name = Main.storyboard;
			sourceTree = "<group>";
		};
		F08BA0E61ED5E502000A600B /* LaunchScreen.storyboard */ = {
			isa = PBXVariantGroup;
			children = (
				F08BA0E71ED5E502000A600B /* Base */,
			);
			name = LaunchScreen.storyboard;
			sourceTree = "<group>";
		};
/* End PBXVariantGroup section */

/* Begin XCBuildConfiguration section */
		F08BA0EA1ED5E502000A600B /* Debug */ = {
			isa = XCBuildConfiguration;
			buildSettings = {
				ALWAYS_SEARCH_USER_PATHS = NO;
				CLANG_ANALYZER_NONNULL = YES;
				CLANG_CXX_LANGUAGE_STANDARD = "gnu++0x";
				CLANG_CXX_LIBRARY = "libc++";
				CLANG_ENABLE_MODULES = YES;
				CLANG_ENABLE_OBJC_ARC = YES;
				CLANG_WARN_BOOL_CONVERSION = YES;
				CLANG_WARN_CONSTANT_CONVERSION = YES;
				CLANG_WARN_DIRECT_OBJC_ISA_USAGE = YES_ERROR;
				CLANG_WARN_DOCUMENTATION_COMMENTS = YES;
				CLANG_WARN_EMPTY_BODY = YES;
				CLANG_WARN_ENUM_CONVERSION = YES;
				CLANG_WARN_INFINITE_RECURSION = YES;
				CLANG_WARN_INT_CONVERSION = YES;
				CLANG_WARN_OBJC_ROOT_CLASS = YES_ERROR;
				CLANG_WARN_SUSPICIOUS_MOVE = YES;
				CLANG_WARN_UNREACHABLE_CODE = YES;
				CLANG_WARN__DUPLICATE_METHOD_MATCH = YES;
				"CODE_SIGN_IDENTITY[sdk=iphoneos*]" = "iPhone Developer";
				COPY_PHASE_STRIP = NO;
				DEBUG_INFORMATION_FORMAT = dwarf;
				ENABLE_STRICT_OBJC_MSGSEND = YES;
				ENABLE_TESTABILITY = YES;
				GCC_C_LANGUAGE_STANDARD = gnu99;
				GCC_DYNAMIC_NO_PIC = NO;
				GCC_NO_COMMON_BLOCKS = YES;
				GCC_OPTIMIZATION_LEVEL = 0;
				GCC_PREPROCESSOR_DEFINITIONS = (
					"DEBUG=1",
					"$(inherited)",
				);
				GCC_WARN_64_TO_32_BIT_CONVERSION = YES;
				GCC_WARN_ABOUT_RETURN_TYPE = YES_ERROR;
				GCC_WARN_UNDECLARED_SELECTOR = YES;
				GCC_WARN_UNINITIALIZED_AUTOS = YES_AGGRESSIVE;
				GCC_WARN_UNUSED_FUNCTION = YES;
				GCC_WARN_UNUSED_VARIABLE = YES;
				IPHONEOS_DEPLOYMENT_TARGET = 10.2;
				MTL_ENABLE_DEBUG_INFO = YES;
				ONLY_ACTIVE_ARCH = YES;
				SDKROOT = iphoneos;
			};
			name = Debug;
		};
		F08BA0EB1ED5E502000A600B /* Release */ = {
			isa = XCBuildConfiguration;
			buildSettings = {
				ALWAYS_SEARCH_USER_PATHS = NO;
				CLANG_ANALYZER_NONNULL = YES;
				CLANG_CXX_LANGUAGE_STANDARD = "gnu++0x";
				CLANG_CXX_LIBRARY = "libc++";
				CLANG_ENABLE_MODULES = YES;
				CLANG_ENABLE_OBJC_ARC = YES;
				CLANG_WARN_BOOL_CONVERSION = YES;
				CLANG_WARN_CONSTANT_CONVERSION = YES;
				CLANG_WARN_DIRECT_OBJC_ISA_USAGE = YES_ERROR;
				CLANG_WARN_DOCUMENTATION_COMMENTS = YES;
				CLANG_WARN_EMPTY_BODY = YES;
				CLANG_WARN_ENUM_CONVERSION = YES;
				CLANG_WARN_INFINITE_RECURSION = YES;
				CLANG_WARN_INT_CONVERSION = YES;
				CLANG_WARN_OBJC_ROOT_CLASS = YES_ERROR;
				CLANG_WARN_SUSPICIOUS_MOVE = YES;
				CLANG_WARN_UNREACHABLE_CODE = YES;
				CLANG_WARN__DUPLICATE_METHOD_MATCH = YES;
				"CODE_SIGN_IDENTITY[sdk=iphoneos*]" = "iPhone Developer";
				COPY_PHASE_STRIP = NO;
				DEBUG_INFORMATION_FORMAT = "dwarf-with-dsym";
				ENABLE_NS_ASSERTIONS = NO;
				ENABLE_STRICT_OBJC_MSGSEND = YES;
				GCC_C_LANGUAGE_STANDARD = gnu99;
				GCC_NO_COMMON_BLOCKS = YES;
				GCC_WARN_64_TO_32_BIT_CONVERSION = YES;
				GCC_WARN_ABOUT_RETURN_TYPE = YES_ERROR;
				GCC_WARN_UNDECLARED_SELECTOR = YES;
				GCC_WARN_UNINITIALIZED_AUTOS = YES_AGGRESSIVE;
				GCC_WARN_UNUSED_FUNCTION = YES;
				GCC_WARN_UNUSED_VARIABLE = YES;
				IPHONEOS_DEPLOYMENT_TARGET = 10.2;
				MTL_ENABLE_DEBUG_INFO = NO;
				SDKROOT = iphoneos;
				VALIDATE_PRODUCT = YES;
			};
			name = Release;
		};
		F08BA0ED1ED5E502000A600B /* Debug */ = {
			isa = XCBuildConfiguration;
			baseConfigurationReference = EA7182BAFEA74FA91E017043 /* Pods-SkyNews.debug.xcconfig */;
			buildSettings = {
				ASSETCATALOG_COMPILER_APPICON_NAME = AppIcon;
				INFOPLIST_FILE = SkyNews/Info.plist;
				LD_RUNPATH_SEARCH_PATHS = "$(inherited) @executable_path/Frameworks";
				PRODUCT_BUNDLE_IDENTIFIER = com.ak.SkyNews;
				PRODUCT_NAME = "$(TARGET_NAME)";
			};
			name = Debug;
		};
		F08BA0EE1ED5E502000A600B /* Release */ = {
			isa = XCBuildConfiguration;
			baseConfigurationReference = 7BE1C29F5AC32DEE3F8C8042 /* Pods-SkyNews.release.xcconfig */;
			buildSettings = {
				ASSETCATALOG_COMPILER_APPICON_NAME = AppIcon;
				INFOPLIST_FILE = SkyNews/Info.plist;
				LD_RUNPATH_SEARCH_PATHS = "$(inherited) @executable_path/Frameworks";
				PRODUCT_BUNDLE_IDENTIFIER = com.ak.SkyNews;
				PRODUCT_NAME = "$(TARGET_NAME)";
			};
			name = Release;
		};
/* End XCBuildConfiguration section */

/* Begin XCConfigurationList section */
		F08BA0D01ED5E502000A600B /* Build configuration list for PBXProject "SkyNews" */ = {
			isa = XCConfigurationList;
			buildConfigurations = (
				F08BA0EA1ED5E502000A600B /* Debug */,
				F08BA0EB1ED5E502000A600B /* Release */,
			);
			defaultConfigurationIsVisible = 0;
			defaultConfigurationName = Release;
		};
		F08BA0EC1ED5E502000A600B /* Build configuration list for PBXNativeTarget "SkyNews" */ = {
			isa = XCConfigurationList;
			buildConfigurations = (
				F08BA0ED1ED5E502000A600B /* Debug */,
				F08BA0EE1ED5E502000A600B /* Release */,
			);
			defaultConfigurationIsVisible = 0;
			defaultConfigurationName = Release;
		};
/* End XCConfigurationList section */
	};
	rootObject = F08BA0CD1ED5E502000A600B /* Project object */;
}
